
Microsoft Visual Studio Solution File, Format Version 12.00
# Visual Studio Version 16
VisualStudioVersion = 16.0.808.6
MinimumVisualStudioVersion = 10.0.40219.1
Project("{FAE04EC0-301F-11D3-BF4B-00C04F79EFBC}") = "CadastroDePessoa.Api", "CadastroDePessoa.Api\CadastroDePessoa.Api.csproj", "{5AEBB3C9-71BA-45C8-A99B-A8B5485CF0A3}"
EndProject
Global
	GlobalSection(SolutionConfigurationPlatforms) = preSolution
		Debug|Any CPU = Debug|Any CPU
		Release|Any CPU = Release|Any CPU
	EndGlobalSection
	GlobalSection(ProjectConfigurationPlatforms) = postSolution
		{5AEBB3C9-71BA-45C8-A99B-A8B5485CF0A3}.Debug|Any CPU.ActiveCfg = Debug|Any CPU
		{5AEBB3C9-71BA-45C8-A99B-A8B5485CF0A3}.Debug|Any CPU.Build.0 = Debug|Any CPU
		{5AEBB3C9-71BA-45C8-A99B-A8B5485CF0A3}.Release|Any CPU.ActiveCfg = Release|Any CPU
		{5AEBB3C9-71BA-45C8-A99B-A8B5485CF0A3}.Release|Any CPU.Build.0 = Release|Any CPU
	EndGlobalSection
	GlobalSection(SolutionProperties) = preSolution
		HideSolutionNode = FALSE
	EndGlobalSection
	GlobalSection(ExtensibilityGlobals) = postSolution
		SolutionGuid = {1C64C5D8-4931-4FD5-B20D-54DF52546C92}
	EndGlobalSection
EndGlobal
